
Microsoft Visual Studio Solution File, Format Version 12.00
# Visual Studio Version 16
VisualStudioVersion = 16.0.31105.61
MinimumVisualStudioVersion = 10.0.40219.1
Project("{FAE04EC0-301F-11D3-BF4B-00C04F79EFBC}") = "BowlingLeague", "BowlingLeague\BowlingLeague.csproj", "{49C12A54-D3CC-4791-AB82-DDD65301046F}"
EndProject
Global
	GlobalSection(SolutionConfigurationPlatforms) = preSolution
		Debug|Any CPU = Debug|Any CPU
		Release|Any CPU = Release|Any CPU
	EndGlobalSection
	GlobalSection(ProjectConfigurationPlatforms) = postSolution
		{49C12A54-D3CC-4791-AB82-DDD65301046F}.Debug|Any CPU.ActiveCfg = Debug|Any CPU
		{49C12A54-D3CC-4791-AB82-DDD65301046F}.Debug|Any CPU.Build.0 = Debug|Any CPU
		{49C12A54-D3CC-4791-AB82-DDD65301046F}.Release|Any CPU.ActiveCfg = Release|Any CPU
		{49C12A54-D3CC-4791-AB82-DDD65301046F}.Release|Any CPU.Build.0 = Release|Any CPU
	EndGlobalSection
	GlobalSection(SolutionProperties) = preSolution
		HideSolutionNode = FALSE
	EndGlobalSection
	GlobalSection(ExtensibilityGlobals) = postSolution
		SolutionGuid = {07DD6646-B7B4-4794-A347-80FDD9696D9B}
	EndGlobalSection
EndGlobal
